
Microsoft Visual Studio Solution File, Format Version 12.00
# Visual Studio Version 17
VisualStudioVersion = 17.5.33424.131
MinimumVisualStudioVersion = 10.0.40219.1
Project("{FAE04EC0-301F-11D3-BF4B-00C04F79EFBC}") = "Semestr1_Lekcja11_2023_2", "Semestr1_Lekcja11_2023_2\Semestr1_Lekcja11_2023_2.csproj", "{2CA94149-6E56-47F9-A238-2DEF618269DC}"
EndProject
Global
	GlobalSection(SolutionConfigurationPlatforms) = preSolution
		Debug|Any CPU = Debug|Any CPU
		Release|Any CPU = Release|Any CPU
	EndGlobalSection
	GlobalSection(ProjectConfigurationPlatforms) = postSolution
		{2CA94149-6E56-47F9-A238-2DEF618269DC}.Debug|Any CPU.ActiveCfg = Debug|Any CPU
		{2CA94149-6E56-47F9-A238-2DEF618269DC}.Debug|Any CPU.Build.0 = Debug|Any CPU
		{2CA94149-6E56-47F9-A238-2DEF618269DC}.Release|Any CPU.ActiveCfg = Release|Any CPU
		{2CA94149-6E56-47F9-A238-2DEF618269DC}.Release|Any CPU.Build.0 = Release|Any CPU
	EndGlobalSection
	GlobalSection(SolutionProperties) = preSolution
		HideSolutionNode = FALSE
	EndGlobalSection
	GlobalSection(ExtensibilityGlobals) = postSolution
		SolutionGuid = {906C0952-2217-4D97-9BB6-F6E123040A64}
	EndGlobalSection
EndGlobal
